// !$*UTF8*$!
{
	archiveVersion = 1;
	classes = {
	};
	objectVersion = 50;
	objects = {

/* Begin PBXBuildFile section */
		AD3769BD2139C77600E7C8EE /* AppDelegate.m in Sources */ = {isa = PBXBuildFile; fileRef = AD3769BC2139C77600E7C8EE /* AppDelegate.m */; };
		AD3769C02139C77B00E7C8EE /* Assets.xcassets in Resources */ = {isa = PBXBuildFile; fileRef = AD3769BF2139C77B00E7C8EE /* Assets.xcassets */; };
		AD3769C32139C77B00E7C8EE /* main.m in Sources */ = {isa = PBXBuildFile; fileRef = AD3769C22139C77B00E7C8EE /* main.m */; };
		ADFE201021E00B8C0035CEFA /* DocumentLoader.js in Resources */ = {isa = PBXBuildFile; fileRef = ADFE200D21E00B8C0035CEFA /* DocumentLoader.js */; };
		ADFE201221E00B8C0035CEFA /* DocumentController.js in Resources */ = {isa = PBXBuildFile; fileRef = ADFE200F21E00B8C0035CEFA /* DocumentController.js */; };
		ADFE201521E00BB00035CEFA /* stations.json in Resources */ = {isa = PBXBuildFile; fileRef = ADFE201421E00BB00035CEFA /* stations.json */; };
		ADFE201621E00DDE0035CEFA /* application.js in Resources */ = {isa = PBXBuildFile; fileRef = ADFE200E21E00B8C0035CEFA /* application.js */; };
		ADFE201821E00E1F0035CEFA /* Index.xml in Resources */ = {isa = PBXBuildFile; fileRef = ADFE201721E00E1F0035CEFA /* Index.xml */; };
		ADFE201A21E0126A0035CEFA /* index.js in Resources */ = {isa = PBXBuildFile; fileRef = ADFE201921E0126A0035CEFA /* index.js */; };
/* End PBXBuildFile section */

/* Begin PBXFileReference section */
		AD3769B82139C77600E7C8EE /* LiveTv.app */ = {isa = PBXFileReference; explicitFileType = wrapper.application; includeInIndex = 0; path = LiveTv.app; sourceTree = BUILT_PRODUCTS_DIR; };
		AD3769BB2139C77600E7C8EE /* AppDelegate.h */ = {isa = PBXFileReference; lastKnownFileType = sourcecode.c.h; path = AppDelegate.h; sourceTree = "<group>"; };
		AD3769BC2139C77600E7C8EE /* AppDelegate.m */ = {isa = PBXFileReference; lastKnownFileType = sourcecode.c.objc; path = AppDelegate.m; sourceTree = "<group>"; };
		AD3769BF2139C77B00E7C8EE /* Assets.xcassets */ = {isa = PBXFileReference; lastKnownFileType = folder.assetcatalog; path = Assets.xcassets; sourceTree = "<group>"; };
		AD3769C12139C77B00E7C8EE /* Info.plist */ = {isa = PBXFileReference; lastKnownFileType = text.plist.xml; path = Info.plist; sourceTree = "<group>"; };
		AD3769C22139C77B00E7C8EE /* main.m */ = {isa = PBXFileReference; lastKnownFileType = sourcecode.c.objc; path = main.m; sourceTree = "<group>"; };
		ADFE200D21E00B8C0035CEFA /* DocumentLoader.js */ = {isa = PBXFileReference; fileEncoding = 4; lastKnownFileType = sourcecode.javascript; name = DocumentLoader.js; path = js/DocumentLoader.js; sourceTree = "<group>"; };
		ADFE200E21E00B8C0035CEFA /* application.js */ = {isa = PBXFileReference; fileEncoding = 4; lastKnownFileType = sourcecode.javascript; name = application.js; path = js/application.js; sourceTree = "<group>"; };
		ADFE200F21E00B8C0035CEFA /* DocumentController.js */ = {isa = PBXFileReference; fileEncoding = 4; lastKnownFileType = sourcecode.javascript; name = DocumentController.js; path = js/DocumentController.js; sourceTree = "<group>"; };
		ADFE201421E00BB00035CEFA /* stations.json */ = {isa = PBXFileReference; fileEncoding = 4; lastKnownFileType = text.json; name = stations.json; path = LiveTv/stations.json; sourceTree = SOURCE_ROOT; };
		ADFE201721E00E1F0035CEFA /* Index.xml */ = {isa = PBXFileReference; fileEncoding = 4; lastKnownFileType = text.xml; name = Index.xml; path = templates/Index.xml; sourceTree = "<group>"; };
		ADFE201921E0126A0035CEFA /* index.js */ = {isa = PBXFileReference; fileEncoding = 4; lastKnownFileType = sourcecode.javascript; name = index.js; path = js/index.js; sourceTree = "<group>"; };
/* End PBXFileReference section */

/* Begin PBXFrameworksBuildPhase section */
		AD3769B52139C77600E7C8EE /* Frameworks */ = {
			isa = PBXFrameworksBuildPhase;
			buildActionMask = 2147483647;
			files = (
			);
			runOnlyForDeploymentPostprocessing = 0;
		};
/* End PBXFrameworksBuildPhase section */

/* Begin PBXGroup section */
		AD3769AF2139C77600E7C8EE = {
			isa = PBXGroup;
			children = (
				AD3769BA2139C77600E7C8EE /* LiveTv */,
				AD3769B92139C77600E7C8EE /* Products */,
			);
			sourceTree = "<group>";
		};
		AD3769B92139C77600E7C8EE /* Products */ = {
			isa = PBXGroup;
			children = (
				AD3769B82139C77600E7C8EE /* LiveTv.app */,
			);
			name = Products;
			sourceTree = "<group>";
		};
		AD3769BA2139C77600E7C8EE /* LiveTv */ = {
			isa = PBXGroup;
			children = (
				ADFE201321E00BA40035CEFA /* json */,
				ADFE200C21E00AE30035CEFA /* templates */,
				ADFE200921E00AA20035CEFA /* js */,
				AD3769BB2139C77600E7C8EE /* AppDelegate.h */,
				AD3769BC2139C77600E7C8EE /* AppDelegate.m */,
				AD3769BF2139C77B00E7C8EE /* Assets.xcassets */,
				AD3769C12139C77B00E7C8EE /* Info.plist */,
				AD3769C22139C77B00E7C8EE /* main.m */,
			);
			path = LiveTv;
			sourceTree = "<group>";
		};
		ADFE200921E00AA20035CEFA /* js */ = {
			isa = PBXGroup;
			children = (
				ADFE201921E0126A0035CEFA /* index.js */,
				ADFE200E21E00B8C0035CEFA /* application.js */,
				ADFE200F21E00B8C0035CEFA /* DocumentController.js */,
				ADFE200D21E00B8C0035CEFA /* DocumentLoader.js */,
			);
			name = js;
			sourceTree = "<group>";
		};
		ADFE200C21E00AE30035CEFA /* templates */ = {
			isa = PBXGroup;
			children = (
				ADFE201721E00E1F0035CEFA /* Index.xml */,
			);
			name = templates;
			sourceTree = "<group>";
		};
		ADFE201321E00BA40035CEFA /* json */ = {
			isa = PBXGroup;
			children = (
				ADFE201421E00BB00035CEFA /* stations.json */,
			);
			path = json;
			sourceTree = "<group>";
		};
/* End PBXGroup section */

/* Begin PBXNativeTarget section */
		AD3769B72139C77600E7C8EE /* LiveTv */ = {
			isa = PBXNativeTarget;
			buildConfigurationList = AD3769C62139C77B00E7C8EE /* Build configuration list for PBXNativeTarget "LiveTv" */;
			buildPhases = (
				AD3769B42139C77600E7C8EE /* Sources */,
				AD3769B52139C77600E7C8EE /* Frameworks */,
				AD3769B62139C77600E7C8EE /* Resources */,
			);
			buildRules = (
			);
			dependencies = (
			);
			name = LiveTv;
			productName = LiveTv;
			productReference = AD3769B82139C77600E7C8EE /* LiveTv.app */;
			productType = "com.apple.product-type.application";
		};
/* End PBXNativeTarget section */

/* Begin PBXProject section */
		AD3769B02139C77600E7C8EE /* Project object */ = {
			isa = PBXProject;
			attributes = {
				LastUpgradeCheck = 0940;
				TargetAttributes = {
					AD3769B72139C77600E7C8EE = {
						CreatedOnToolsVersion = 9.4.1;
					};
				};
			};
			buildConfigurationList = AD3769B32139C77600E7C8EE /* Build configuration list for PBXProject "LiveTv" */;
			compatibilityVersion = "Xcode 9.3";
			developmentRegion = en;
			hasScannedForEncodings = 0;
			knownRegions = (
				en,
			);
			mainGroup = AD3769AF2139C77600E7C8EE;
			productRefGroup = AD3769B92139C77600E7C8EE /* Products */;
			projectDirPath = "";
			projectRoot = "";
			targets = (
				AD3769B72139C77600E7C8EE /* LiveTv */,
			);
		};
/* End PBXProject section */

/* Begin PBXResourcesBuildPhase section */
		AD3769B62139C77600E7C8EE /* Resources */ = {
			isa = PBXResourcesBuildPhase;
			buildActionMask = 2147483647;
			files = (
				ADFE201821E00E1F0035CEFA /* Index.xml in Resources */,
				ADFE201621E00DDE0035CEFA /* application.js in Resources */,
				ADFE201221E00B8C0035CEFA /* DocumentController.js in Resources */,
				ADFE201521E00BB00035CEFA /* stations.json in Resources */,
				ADFE201A21E0126A0035CEFA /* index.js in Resources */,
				AD3769C02139C77B00E7C8EE /* Assets.xcassets in Resources */,
				ADFE201021E00B8C0035CEFA /* DocumentLoader.js in Resources */,
			);
			runOnlyForDeploymentPostprocessing = 0;
		};
/* End PBXResourcesBuildPhase section */

/* Begin PBXSourcesBuildPhase section */
		AD3769B42139C77600E7C8EE /* Sources */ = {
			isa = PBXSourcesBuildPhase;
			buildActionMask = 2147483647;
			files = (
				AD3769C32139C77B00E7C8EE /* main.m in Sources */,
				AD3769BD2139C77600E7C8EE /* AppDelegate.m in Sources */,
			);
			runOnlyForDeploymentPostprocessing = 0;
		};
/* End PBXSourcesBuildPhase section */

/* Begin XCBuildConfiguration section */
		AD3769C42139C77B00E7C8EE /* Debug */ = {
			isa = XCBuildConfiguration;
			buildSettings = {
				ALWAYS_SEARCH_USER_PATHS = NO;
				CLANG_ANALYZER_NONNULL = YES;
				CLANG_ANALYZER_NUMBER_OBJECT_CONVERSION = YES_AGGRESSIVE;
				CLANG_CXX_LANGUAGE_STANDARD = "gnu++14";
				CLANG_CXX_LIBRARY = "libc++";
				CLANG_ENABLE_MODULES = YES;
				CLANG_ENABLE_OBJC_ARC = YES;
				CLANG_ENABLE_OBJC_WEAK = YES;
				CLANG_WARN_BLOCK_CAPTURE_AUTORELEASING = YES;
				CLANG_WARN_BOOL_CONVERSION = YES;
				CLANG_WARN_COMMA = YES;
				CLANG_WARN_CONSTANT_CONVERSION = YES;
				CLANG_WARN_DEPRECATED_OBJC_IMPLEMENTATIONS = YES;
				CLANG_WARN_DIRECT_OBJC_ISA_USAGE = YES_ERROR;
				CLANG_WARN_DOCUMENTATION_COMMENTS = YES;
				CLANG_WARN_EMPTY_BODY = YES;
				CLANG_WARN_ENUM_CONVERSION = YES;
				CLANG_WARN_INFINITE_RECURSION = YES;
				CLANG_WARN_INT_CONVERSION = YES;
				CLANG_WARN_NON_LITERAL_NULL_CONVERSION = YES;
				CLANG_WARN_OBJC_IMPLICIT_RETAIN_SELF = YES;
				CLANG_WARN_OBJC_LITERAL_CONVERSION = YES;
				CLANG_WARN_OBJC_ROOT_CLASS = YES_ERROR;
				CLANG_WARN_RANGE_LOOP_ANALYSIS = YES;
				CLANG_WARN_STRICT_PROTOTYPES = YES;
				CLANG_WARN_SUSPICIOUS_MOVE = YES;
				CLANG_WARN_UNGUARDED_AVAILABILITY = YES_AGGRESSIVE;
				CLANG_WARN_UNREACHABLE_CODE = YES;
				CLANG_WARN__DUPLICATE_METHOD_MATCH = YES;
				COPY_PHASE_STRIP = NO;
				DEBUG_INFORMATION_FORMAT = dwarf;
				ENABLE_STRICT_OBJC_MSGSEND = YES;
				ENABLE_TESTABILITY = YES;
				GCC_C_LANGUAGE_STANDARD = gnu11;
				GCC_DYNAMIC_NO_PIC = NO;
				GCC_NO_COMMON_BLOCKS = YES;
				GCC_OPTIMIZATION_LEVEL = 0;
				GCC_PREPROCESSOR_DEFINITIONS = (
					"DEBUG=1",
					"$(inherited)",
				);
				GCC_WARN_64_TO_32_BIT_CONVERSION = YES;
				GCC_WARN_ABOUT_RETURN_TYPE = YES_ERROR;
				GCC_WARN_UNDECLARED_SELECTOR = YES;
				GCC_WARN_UNINITIALIZED_AUTOS = YES_AGGRESSIVE;
				GCC_WARN_UNUSED_FUNCTION = YES;
				GCC_WARN_UNUSED_VARIABLE = YES;
				MTL_ENABLE_DEBUG_INFO = YES;
				ONLY_ACTIVE_ARCH = YES;
				SDKROOT = appletvos;
				TVOS_DEPLOYMENT_TARGET = 11.4;
			};
			name = Debug;
		};
		AD3769C52139C77B00E7C8EE /* Release */ = {
			isa = XCBuildConfiguration;
			buildSettings = {
				ALWAYS_SEARCH_USER_PATHS = NO;
				CLANG_ANALYZER_NONNULL = YES;
				CLANG_ANALYZER_NUMBER_OBJECT_CONVERSION = YES_AGGRESSIVE;
				CLANG_CXX_LANGUAGE_STANDARD = "gnu++14";
				CLANG_CXX_LIBRARY = "libc++";
				CLANG_ENABLE_MODULES = YES;
				CLANG_ENABLE_OBJC_ARC = YES;
				CLANG_ENABLE_OBJC_WEAK = YES;
				CLANG_WARN_BLOCK_CAPTURE_AUTORELEASING = YES;
				CLANG_WARN_BOOL_CONVERSION = YES;
				CLANG_WARN_COMMA = YES;
				CLANG_WARN_CONSTANT_CONVERSION = YES;
				CLANG_WARN_DEPRECATED_OBJC_IMPLEMENTATIONS = YES;
				CLANG_WARN_DIRECT_OBJC_ISA_USAGE = YES_ERROR;
				CLANG_WARN_DOCUMENTATION_COMMENTS = YES;
				CLANG_WARN_EMPTY_BODY = YES;
				CLANG_WARN_ENUM_CONVERSION = YES;
				CLANG_WARN_INFINITE_RECURSION = YES;
				CLANG_WARN_INT_CONVERSION = YES;
				CLANG_WARN_NON_LITERAL_NULL_CONVERSION = YES;
				CLANG_WARN_OBJC_IMPLICIT_RETAIN_SELF = YES;
				CLANG_WARN_OBJC_LITERAL_CONVERSION = YES;
				CLANG_WARN_OBJC_ROOT_CLASS = YES_ERROR;
				CLANG_WARN_RANGE_LOOP_ANALYSIS = YES;
				CLANG_WARN_STRICT_PROTOTYPES = YES;
				CLANG_WARN_SUSPICIOUS_MOVE = YES;
				CLANG_WARN_UNGUARDED_AVAILABILITY = YES_AGGRESSIVE;
				CLANG_WARN_UNREACHABLE_CODE = YES;
				CLANG_WARN__DUPLICATE_METHOD_MATCH = YES;
				COPY_PHASE_STRIP = NO;
				DEBUG_INFORMATION_FORMAT = "dwarf-with-dsym";
				ENABLE_NS_ASSERTIONS = NO;
				ENABLE_STRICT_OBJC_MSGSEND = YES;
				GCC_C_LANGUAGE_STANDARD = gnu11;
				GCC_NO_COMMON_BLOCKS = YES;
				GCC_WARN_64_TO_32_BIT_CONVERSION = YES;
				GCC_WARN_ABOUT_RETURN_TYPE = YES_ERROR;
				GCC_WARN_UNDECLARED_SELECTOR = YES;
				GCC_WARN_UNINITIALIZED_AUTOS = YES_AGGRESSIVE;
				GCC_WARN_UNUSED_FUNCTION = YES;
				GCC_WARN_UNUSED_VARIABLE = YES;
				MTL_ENABLE_DEBUG_INFO = NO;
				SDKROOT = appletvos;
				TVOS_DEPLOYMENT_TARGET = 11.4;
				VALIDATE_PRODUCT = YES;
			};
			name = Release;
		};
		AD3769C72139C77B00E7C8EE /* Debug */ = {
			isa = XCBuildConfiguration;
			buildSettings = {
				ASSETCATALOG_COMPILER_APPICON_NAME = "App Icon & Top Shelf Image";
				ASSETCATALOG_COMPILER_LAUNCHIMAGE_NAME = LaunchImage;
				CODE_SIGN_STYLE = Automatic;
				DEVELOPMENT_TEAM = 225K6S3S5C;
				INFOPLIST_FILE = LiveTv/Info.plist;
				LD_RUNPATH_SEARCH_PATHS = (
					"$(inherited)",
					"@executable_path/Frameworks",
				);
				PRODUCT_BUNDLE_IDENTIFIER = com.live.tv.LiveTv;
				PRODUCT_NAME = "$(TARGET_NAME)";
				TARGETED_DEVICE_FAMILY = 3;
			};
			name = Debug;
		};
		AD3769C82139C77B00E7C8EE /* Release */ = {
			isa = XCBuildConfiguration;
			buildSettings = {
				ASSETCATALOG_COMPILER_APPICON_NAME = "App Icon & Top Shelf Image";
				ASSETCATALOG_COMPILER_LAUNCHIMAGE_NAME = LaunchImage;
				CODE_SIGN_STYLE = Automatic;
				DEVELOPMENT_TEAM = 225K6S3S5C;
				INFOPLIST_FILE = LiveTv/Info.plist;
				LD_RUNPATH_SEARCH_PATHS = (
					"$(inherited)",
					"@executable_path/Frameworks",
				);
				PRODUCT_BUNDLE_IDENTIFIER = com.live.tv.LiveTv;
				PRODUCT_NAME = "$(TARGET_NAME)";
				TARGETED_DEVICE_FAMILY = 3;
			};
			name = Release;
		};
/* End XCBuildConfiguration section */

/* Begin XCConfigurationList section */
		AD3769B32139C77600E7C8EE /* Build configuration list for PBXProject "LiveTv" */ = {
			isa = XCConfigurationList;
			buildConfigurations = (
				AD3769C42139C77B00E7C8EE /* Debug */,
				AD3769C52139C77B00E7C8EE /* Release */,
			);
			defaultConfigurationIsVisible = 0;
			defaultConfigurationName = Release;
		};
		AD3769C62139C77B00E7C8EE /* Build configuration list for PBXNativeTarget "LiveTv" */ = {
			isa = XCConfigurationList;
			buildConfigurations = (
				AD3769C72139C77B00E7C8EE /* Debug */,
				AD3769C82139C77B00E7C8EE /* Release */,
			);
			defaultConfigurationIsVisible = 0;
			defaultConfigurationName = Release;
		};
/* End XCConfigurationList section */
	};
	rootObject = AD3769B02139C77600E7C8EE /* Project object */;
}
